# THIS IS AN AUTOGENERATED FILE. DO NOT EDIT THIS FILE DIRECTLY.
# yarn lockfile v1


eslint-plugin-flowtype@^2.30.3:
  version "2.30.3"
  resolved "https://registry.yarnpkg.com/eslint-plugin-flowtype/-/eslint-plugin-flowtype-2.30.3.tgz#57835d2c0ed388da7a2725803ec32af2f437c301"
  dependencies:
    lodash "^4.15.0"

lodash@^4.15.0:
  version "4.17.4"
  resolved "https://registry.yarnpkg.com/lodash/-/lodash-4.17.4.tgz#78203a4d1c328ae1d86dca6460e369b57f4055ae"
